// !$*UTF8*$!
{
	archiveVersion = 1;
	classes = {
	};
	objectVersion = 46;
	objects = {

/* Begin PBXBuildFile section */
		88958AC3649103D08C146391 /* Pods_StartupProfileAPI.framework in Frameworks */ = {isa = PBXBuildFile; fileRef = CD64FED7D30DAB6645DC2C3A /* Pods_StartupProfileAPI.framework */; };
		B7A1228D1D4024E4007C3E98 /* AppDelegate.swift in Sources */ = {isa = PBXBuildFile; fileRef = B7A1228C1D4024E4007C3E98 /* AppDelegate.swift */; };
		B7A122941D4024E5007C3E98 /* Assets.xcassets in Resources */ = {isa = PBXBuildFile; fileRef = B7A122931D4024E5007C3E98 /* Assets.xcassets */; };
		B7A122971D4024E5007C3E98 /* LaunchScreen.storyboard in Resources */ = {isa = PBXBuildFile; fileRef = B7A122951D4024E5007C3E98 /* LaunchScreen.storyboard */; };
		B7A122A01D402783007C3E98 /* Profile.swift in Sources */ = {isa = PBXBuildFile; fileRef = B7A1229F1D402783007C3E98 /* Profile.swift */; };
		B7A122A21D402793007C3E98 /* Startup.swift in Sources */ = {isa = PBXBuildFile; fileRef = B7A122A11D402793007C3E98 /* Startup.swift */; };
		B7A122A41D402805007C3E98 /* StartupViewController.swift in Sources */ = {isa = PBXBuildFile; fileRef = B7A122A31D402805007C3E98 /* StartupViewController.swift */; };
		B7A122A61D402812007C3E98 /* ProfileViewController.swift in Sources */ = {isa = PBXBuildFile; fileRef = B7A122A51D402812007C3E98 /* ProfileViewController.swift */; };
		B7F074051D404D56006C5065 /* ViewController.swift in Sources */ = {isa = PBXBuildFile; fileRef = B7F074041D404D56006C5065 /* ViewController.swift */; };
/* End PBXBuildFile section */

/* Begin PBXFileReference section */
		8FB465CFF646C2BF887E8D1F /* Pods-StartupProfileAPI.debug.xcconfig */ = {isa = PBXFileReference; includeInIndex = 1; lastKnownFileType = text.xcconfig; name = "Pods-StartupProfileAPI.debug.xcconfig"; path = "Pods/Target Support Files/Pods-StartupProfileAPI/Pods-StartupProfileAPI.debug.xcconfig"; sourceTree = "<group>"; };
		B7A122891D4024E4007C3E98 /* StartupProfileAPI.app */ = {isa = PBXFileReference; explicitFileType = wrapper.application; includeInIndex = 0; path = StartupProfileAPI.app; sourceTree = BUILT_PRODUCTS_DIR; };
		B7A1228C1D4024E4007C3E98 /* AppDelegate.swift */ = {isa = PBXFileReference; lastKnownFileType = sourcecode.swift; path = AppDelegate.swift; sourceTree = "<group>"; };
		B7A122931D4024E5007C3E98 /* Assets.xcassets */ = {isa = PBXFileReference; lastKnownFileType = folder.assetcatalog; path = Assets.xcassets; sourceTree = "<group>"; };
		B7A122961D4024E5007C3E98 /* Base */ = {isa = PBXFileReference; lastKnownFileType = file.storyboard; name = Base; path = Base.lproj/LaunchScreen.storyboard; sourceTree = "<group>"; };
		B7A122981D4024E5007C3E98 /* Info.plist */ = {isa = PBXFileReference; lastKnownFileType = text.plist.xml; path = Info.plist; sourceTree = "<group>"; };
		B7A1229F1D402783007C3E98 /* Profile.swift */ = {isa = PBXFileReference; fileEncoding = 4; lastKnownFileType = sourcecode.swift; path = Profile.swift; sourceTree = "<group>"; };
		B7A122A11D402793007C3E98 /* Startup.swift */ = {isa = PBXFileReference; fileEncoding = 4; lastKnownFileType = sourcecode.swift; path = Startup.swift; sourceTree = "<group>"; };
		B7A122A31D402805007C3E98 /* StartupViewController.swift */ = {isa = PBXFileReference; fileEncoding = 4; lastKnownFileType = sourcecode.swift; path = StartupViewController.swift; sourceTree = "<group>"; };
		B7A122A51D402812007C3E98 /* ProfileViewController.swift */ = {isa = PBXFileReference; fileEncoding = 4; lastKnownFileType = sourcecode.swift; path = ProfileViewController.swift; sourceTree = "<group>"; };
		B7F074041D404D56006C5065 /* ViewController.swift */ = {isa = PBXFileReference; fileEncoding = 4; lastKnownFileType = sourcecode.swift; path = ViewController.swift; sourceTree = "<group>"; };
		C36D3FB92C1C849ECA02271E /* Pods-StartupProfileAPI.release.xcconfig */ = {isa = PBXFileReference; includeInIndex = 1; lastKnownFileType = text.xcconfig; name = "Pods-StartupProfileAPI.release.xcconfig"; path = "Pods/Target Support Files/Pods-StartupProfileAPI/Pods-StartupProfileAPI.release.xcconfig"; sourceTree = "<group>"; };
		CD64FED7D30DAB6645DC2C3A /* Pods_StartupProfileAPI.framework */ = {isa = PBXFileReference; explicitFileType = wrapper.framework; includeInIndex = 0; path = Pods_StartupProfileAPI.framework; sourceTree = BUILT_PRODUCTS_DIR; };
/* End PBXFileReference section */

/* Begin PBXFrameworksBuildPhase section */
		B7A122861D4024E4007C3E98 /* Frameworks */ = {
			isa = PBXFrameworksBuildPhase;
			buildActionMask = 2147483647;
			files = (
				88958AC3649103D08C146391 /* Pods_StartupProfileAPI.framework in Frameworks */,
			);
			runOnlyForDeploymentPostprocessing = 0;
		};
/* End PBXFrameworksBuildPhase section */

/* Begin PBXGroup section */
		B7A122801D4024E4007C3E98 = {
			isa = PBXGroup;
			children = (
				B7A1228B1D4024E4007C3E98 /* StartupProfileAPI */,
				B7A1228A1D4024E4007C3E98 /* Products */,
				CD7636F8ED58240BB5E31B8C /* Pods */,
				BB00880828DFEB620DDD41D1 /* Frameworks */,
			);
			sourceTree = "<group>";
		};
		B7A1228A1D4024E4007C3E98 /* Products */ = {
			isa = PBXGroup;
			children = (
				B7A122891D4024E4007C3E98 /* StartupProfileAPI.app */,
			);
			name = Products;
			sourceTree = "<group>";
		};
		B7A1228B1D4024E4007C3E98 /* StartupProfileAPI */ = {
			isa = PBXGroup;
			children = (
				B7A1229E1D40275B007C3E98 /* Model */,
				B7A1228C1D4024E4007C3E98 /* AppDelegate.swift */,
				B7A122A51D402812007C3E98 /* ProfileViewController.swift */,
				B7F074041D404D56006C5065 /* ViewController.swift */,
				B7A122A31D402805007C3E98 /* StartupViewController.swift */,
				B7A122931D4024E5007C3E98 /* Assets.xcassets */,
				B7A122951D4024E5007C3E98 /* LaunchScreen.storyboard */,
				B7A122981D4024E5007C3E98 /* Info.plist */,
			);
			path = StartupProfileAPI;
			sourceTree = "<group>";
		};
		B7A1229E1D40275B007C3E98 /* Model */ = {
			isa = PBXGroup;
			children = (
				B7A1229F1D402783007C3E98 /* Profile.swift */,
				B7A122A11D402793007C3E98 /* Startup.swift */,
			);
			path = Model;
			sourceTree = "<group>";
		};
		BB00880828DFEB620DDD41D1 /* Frameworks */ = {
			isa = PBXGroup;
			children = (
				CD64FED7D30DAB6645DC2C3A /* Pods_StartupProfileAPI.framework */,
			);
			name = Frameworks;
			sourceTree = "<group>";
		};
		CD7636F8ED58240BB5E31B8C /* Pods */ = {
			isa = PBXGroup;
			children = (
				8FB465CFF646C2BF887E8D1F /* Pods-StartupProfileAPI.debug.xcconfig */,
				C36D3FB92C1C849ECA02271E /* Pods-StartupProfileAPI.release.xcconfig */,
			);
			name = Pods;
			sourceTree = "<group>";
		};
/* End PBXGroup section */

/* Begin PBXNativeTarget section */
		B7A122881D4024E4007C3E98 /* StartupProfileAPI */ = {
			isa = PBXNativeTarget;
			buildConfigurationList = B7A1229B1D4024E5007C3E98 /* Build configuration list for PBXNativeTarget "StartupProfileAPI" */;
			buildPhases = (
				09686F5E0E070E15AB4044DE /* [CP] Check Pods Manifest.lock */,
				B7A122851D4024E4007C3E98 /* Sources */,
				B7A122861D4024E4007C3E98 /* Frameworks */,
				B7A122871D4024E4007C3E98 /* Resources */,
				0BB7C7C9627297D064914317 /* [CP] Embed Pods Frameworks */,
				9235453374EFEC8289C3477F /* [CP] Copy Pods Resources */,
			);
			buildRules = (
			);
			dependencies = (
			);
			name = StartupProfileAPI;
			productName = StartupProfileAPI;
			productReference = B7A122891D4024E4007C3E98 /* StartupProfileAPI.app */;
			productType = "com.apple.product-type.application";
		};
/* End PBXNativeTarget section */

/* Begin PBXProject section */
		B7A122811D4024E4007C3E98 /* Project object */ = {
			isa = PBXProject;
			attributes = {
				LastSwiftUpdateCheck = 0730;
				LastUpgradeCheck = 0730;
				ORGANIZATIONNAME = forrestfiller;
				TargetAttributes = {
					B7A122881D4024E4007C3E98 = {
						CreatedOnToolsVersion = 7.3.1;
					};
				};
			};
			buildConfigurationList = B7A122841D4024E4007C3E98 /* Build configuration list for PBXProject "StartupProfileAPI" */;
			compatibilityVersion = "Xcode 3.2";
			developmentRegion = English;
			hasScannedForEncodings = 0;
			knownRegions = (
				en,
				Base,
			);
			mainGroup = B7A122801D4024E4007C3E98;
			productRefGroup = B7A1228A1D4024E4007C3E98 /* Products */;
			projectDirPath = "";
			projectRoot = "";
			targets = (
				B7A122881D4024E4007C3E98 /* StartupProfileAPI */,
			);
		};
/* End PBXProject section */

/* Begin PBXResourcesBuildPhase section */
		B7A122871D4024E4007C3E98 /* Resources */ = {
			isa = PBXResourcesBuildPhase;
			buildActionMask = 2147483647;
			files = (
				B7A122971D4024E5007C3E98 /* LaunchScreen.storyboard in Resources */,
				B7A122941D4024E5007C3E98 /* Assets.xcassets in Resources */,
			);
			runOnlyForDeploymentPostprocessing = 0;
		};
/* End PBXResourcesBuildPhase section */

/* Begin PBXShellScriptBuildPhase section */
		09686F5E0E070E15AB4044DE /* [CP] Check Pods Manifest.lock */ = {
			isa = PBXShellScriptBuildPhase;
			buildActionMask = 2147483647;
			files = (
			);
			inputPaths = (
			);
			name = "[CP] Check Pods Manifest.lock";
			outputPaths = (
			);
			runOnlyForDeploymentPostprocessing = 0;
			shellPath = /bin/sh;
			shellScript = "diff \"${PODS_ROOT}/../Podfile.lock\" \"${PODS_ROOT}/Manifest.lock\" > /dev/null\nif [[ $? != 0 ]] ; then\n    cat << EOM\nerror: The sandbox is not in sync with the Podfile.lock. Run 'pod install' or update your CocoaPods installation.\nEOM\n    exit 1\nfi\n";
			showEnvVarsInLog = 0;
		};
		0BB7C7C9627297D064914317 /* [CP] Embed Pods Frameworks */ = {
			isa = PBXShellScriptBuildPhase;
			buildActionMask = 2147483647;
			files = (
			);
			inputPaths = (
			);
			name = "[CP] Embed Pods Frameworks";
			outputPaths = (
			);
			runOnlyForDeploymentPostprocessing = 0;
			shellPath = /bin/sh;
			shellScript = "\"${SRCROOT}/Pods/Target Support Files/Pods-StartupProfileAPI/Pods-StartupProfileAPI-frameworks.sh\"\n";
			showEnvVarsInLog = 0;
		};
		9235453374EFEC8289C3477F /* [CP] Copy Pods Resources */ = {
			isa = PBXShellScriptBuildPhase;
			buildActionMask = 2147483647;
			files = (
			);
			inputPaths = (
			);
			name = "[CP] Copy Pods Resources";
			outputPaths = (
			);
			runOnlyForDeploymentPostprocessing = 0;
			shellPath = /bin/sh;
			shellScript = "\"${SRCROOT}/Pods/Target Support Files/Pods-StartupProfileAPI/Pods-StartupProfileAPI-resources.sh\"\n";
			showEnvVarsInLog = 0;
		};
/* End PBXShellScriptBuildPhase section */

/* Begin PBXSourcesBuildPhase section */
		B7A122851D4024E4007C3E98 /* Sources */ = {
			isa = PBXSourcesBuildPhase;
			buildActionMask = 2147483647;
			files = (
				B7F074051D404D56006C5065 /* ViewController.swift in Sources */,
				B7A122A61D402812007C3E98 /* ProfileViewController.swift in Sources */,
				B7A122A01D402783007C3E98 /* Profile.swift in Sources */,
				B7A1228D1D4024E4007C3E98 /* AppDelegate.swift in Sources */,
				B7A122A21D402793007C3E98 /* Startup.swift in Sources */,
				B7A122A41D402805007C3E98 /* StartupViewController.swift in Sources */,
			);
			runOnlyForDeploymentPostprocessing = 0;
		};
/* End PBXSourcesBuildPhase section */

/* Begin PBXVariantGroup section */
		B7A122951D4024E5007C3E98 /* LaunchScreen.storyboard */ = {
			isa = PBXVariantGroup;
			children = (
				B7A122961D4024E5007C3E98 /* Base */,
			);
			name = LaunchScreen.storyboard;
			sourceTree = "<group>";
		};
/* End PBXVariantGroup section */

/* Begin XCBuildConfiguration section */
		B7A122991D4024E5007C3E98 /* Debug */ = {
			isa = XCBuildConfiguration;
			buildSettings = {
				ALWAYS_SEARCH_USER_PATHS = NO;
				CLANG_ANALYZER_NONNULL = YES;
				CLANG_CXX_LANGUAGE_STANDARD = "gnu++0x";
				CLANG_CXX_LIBRARY = "libc++";
				CLANG_ENABLE_MODULES = YES;
				CLANG_ENABLE_OBJC_ARC = YES;
				CLANG_WARN_BOOL_CONVERSION = YES;
				CLANG_WARN_CONSTANT_CONVERSION = YES;
				CLANG_WARN_DIRECT_OBJC_ISA_USAGE = YES_ERROR;
				CLANG_WARN_EMPTY_BODY = YES;
				CLANG_WARN_ENUM_CONVERSION = YES;
				CLANG_WARN_INT_CONVERSION = YES;
				CLANG_WARN_OBJC_ROOT_CLASS = YES_ERROR;
				CLANG_WARN_UNREACHABLE_CODE = YES;
				CLANG_WARN__DUPLICATE_METHOD_MATCH = YES;
				"CODE_SIGN_IDENTITY[sdk=iphoneos*]" = "iPhone Developer";
				COPY_PHASE_STRIP = NO;
				DEBUG_INFORMATION_FORMAT = dwarf;
				ENABLE_STRICT_OBJC_MSGSEND = YES;
				ENABLE_TESTABILITY = YES;
				GCC_C_LANGUAGE_STANDARD = gnu99;
				GCC_DYNAMIC_NO_PIC = NO;
				GCC_NO_COMMON_BLOCKS = YES;
				GCC_OPTIMIZATION_LEVEL = 0;
				GCC_PREPROCESSOR_DEFINITIONS = (
					"DEBUG=1",
					"$(inherited)",
				);
				GCC_WARN_64_TO_32_BIT_CONVERSION = YES;
				GCC_WARN_ABOUT_RETURN_TYPE = YES_ERROR;
				GCC_WARN_UNDECLARED_SELECTOR = YES;
				GCC_WARN_UNINITIALIZED_AUTOS = YES_AGGRESSIVE;
				GCC_WARN_UNUSED_FUNCTION = YES;
				GCC_WARN_UNUSED_VARIABLE = YES;
				IPHONEOS_DEPLOYMENT_TARGET = 9.3;
				MTL_ENABLE_DEBUG_INFO = YES;
				ONLY_ACTIVE_ARCH = YES;
				SDKROOT = iphoneos;
				SWIFT_OPTIMIZATION_LEVEL = "-Onone";
			};
			name = Debug;
		};
		B7A1229A1D4024E5007C3E98 /* Release */ = {
			isa = XCBuildConfiguration;
			buildSettings = {
				ALWAYS_SEARCH_USER_PATHS = NO;
				CLANG_ANALYZER_NONNULL = YES;
				CLANG_CXX_LANGUAGE_STANDARD = "gnu++0x";
				CLANG_CXX_LIBRARY = "libc++";
				CLANG_ENABLE_MODULES = YES;
				CLANG_ENABLE_OBJC_ARC = YES;
				CLANG_WARN_BOOL_CONVERSION = YES;
				CLANG_WARN_CONSTANT_CONVERSION = YES;
				CLANG_WARN_DIRECT_OBJC_ISA_USAGE = YES_ERROR;
				CLANG_WARN_EMPTY_BODY = YES;
				CLANG_WARN_ENUM_CONVERSION = YES;
				CLANG_WARN_INT_CONVERSION = YES;
				CLANG_WARN_OBJC_ROOT_CLASS = YES_ERROR;
				CLANG_WARN_UNREACHABLE_CODE = YES;
				CLANG_WARN__DUPLICATE_METHOD_MATCH = YES;
				"CODE_SIGN_IDENTITY[sdk=iphoneos*]" = "iPhone Developer";
				COPY_PHASE_STRIP = NO;
				DEBUG_INFORMATION_FORMAT = "dwarf-with-dsym";
				ENABLE_NS_ASSERTIONS = NO;
				ENABLE_STRICT_OBJC_MSGSEND = YES;
				GCC_C_LANGUAGE_STANDARD = gnu99;
				GCC_NO_COMMON_BLOCKS = YES;
				GCC_WARN_64_TO_32_BIT_CONVERSION = YES;
				GCC_WARN_ABOUT_RETURN_TYPE = YES_ERROR;
				GCC_WARN_UNDECLARED_SELECTOR = YES;
				GCC_WARN_UNINITIALIZED_AUTOS = YES_AGGRESSIVE;
				GCC_WARN_UNUSED_FUNCTION = YES;
				GCC_WARN_UNUSED_VARIABLE = YES;
				IPHONEOS_DEPLOYMENT_TARGET = 9.3;
				MTL_ENABLE_DEBUG_INFO = NO;
				SDKROOT = iphoneos;
				VALIDATE_PRODUCT = YES;
			};
			name = Release;
		};
		B7A1229C1D4024E5007C3E98 /* Debug */ = {
			isa = XCBuildConfiguration;
			baseConfigurationReference = 8FB465CFF646C2BF887E8D1F /* Pods-StartupProfileAPI.debug.xcconfig */;
			buildSettings = {
				ASSETCATALOG_COMPILER_APPICON_NAME = AppIcon;
				INFOPLIST_FILE = StartupProfileAPI/Info.plist;
				LD_RUNPATH_SEARCH_PATHS = "$(inherited) @executable_path/Frameworks";
				PRODUCT_BUNDLE_IDENTIFIER = com.forrestfiller.StartupProfileAPI;
				PRODUCT_NAME = "$(TARGET_NAME)";
			};
			name = Debug;
		};
		B7A1229D1D4024E5007C3E98 /* Release */ = {
			isa = XCBuildConfiguration;
			baseConfigurationReference = C36D3FB92C1C849ECA02271E /* Pods-StartupProfileAPI.release.xcconfig */;
			buildSettings = {
				ASSETCATALOG_COMPILER_APPICON_NAME = AppIcon;
				INFOPLIST_FILE = StartupProfileAPI/Info.plist;
				LD_RUNPATH_SEARCH_PATHS = "$(inherited) @executable_path/Frameworks";
				PRODUCT_BUNDLE_IDENTIFIER = com.forrestfiller.StartupProfileAPI;
				PRODUCT_NAME = "$(TARGET_NAME)";
			};
			name = Release;
		};
/* End XCBuildConfiguration section */

/* Begin XCConfigurationList section */
		B7A122841D4024E4007C3E98 /* Build configuration list for PBXProject "StartupProfileAPI" */ = {
			isa = XCConfigurationList;
			buildConfigurations = (
				B7A122991D4024E5007C3E98 /* Debug */,
				B7A1229A1D4024E5007C3E98 /* Release */,
			);
			defaultConfigurationIsVisible = 0;
			defaultConfigurationName = Release;
		};
		B7A1229B1D4024E5007C3E98 /* Build configuration list for PBXNativeTarget "StartupProfileAPI" */ = {
			isa = XCConfigurationList;
			buildConfigurations = (
				B7A1229C1D4024E5007C3E98 /* Debug */,
				B7A1229D1D4024E5007C3E98 /* Release */,
			);
			defaultConfigurationIsVisible = 0;
			defaultConfigurationName = Release;
		};
/* End XCConfigurationList section */
	};
	rootObject = B7A122811D4024E4007C3E98 /* Project object */;
}
